{
    "_meta": {
        "hash": {
            "sha256": "05974fd10197398b649ad220f78bf190731fbc73a6b658f397926b4ce58ad8a4"
        },
        "pipfile-spec": 6,
        "requires": {
            "python_version": "3.9"
        },
        "sources": [
            {
                "name": "pypi",
                "url": "https://pypi.org/simple",
                "verify_ssl": true
            }
        ]
    },
    "default": {
        "numpy": {
            "hashes": [
                "sha256:020218fc82390f1d537cb193d6f1449a919ec97df69b5a64c0a1d017486e0032",
                "sha256:04e4dbe6b777e977813e7ff5f43aa030ef4f6f75cbc1a4504d3135942b5c12fe",
                "sha256:1c881827ff0ad7d607047c19a075a7d7c7125cc103fb969a9200bad26175fb9d",
                "sha256:1f22f6f3cb7094ad77c8d352e4bfd2c1db1c38bc08d0b6c74e9b46343c53b052",
                "sha256:279dce16b143bc50d49bab52dc279d6ab5b0edc7f4d2cc7edaf6a547586bda7e",
                "sha256:2e66decdea13ae8091ba480209dd5ce31261fa3b021ec06b30bd2f4a304861b7",
                "sha256:548f4d86aa259a448f2da0c07df070bf1f71b68c1f84b1356d4a2ed832598758",
                "sha256:6fbd492bead87ab83240c56b3490ac301595ab1399ace3e3c1b7c130e3529358",
                "sha256:785d6520f7bf10ff188762bc460579d6a31c11f960976b2a29efc383b0346572",
                "sha256:804293d9bdf33f9c9fb0b4a753f9e84114bb0ad538d184fc579b30782326c827",
                "sha256:82e69890c394a4e1cbcaf12b47d8477bbac4635866fc46a77670abbe4bb4085d",
                "sha256:8e8a88657c028b8b77f3df6f266a5e6ffb4419cbc3dfb525cbbb80ba710f5da2",
                "sha256:9793feff4758c68502f7652fab08e5ec427d9973d26014767cc15c1b1d885f56",
                "sha256:9810b840a751b6f0c73c21fb2a50e306d7d0be4114cded4c7d069e142ce488cf",
                "sha256:ae7e8801b93124a6b0becedc06285ddbaca2daab2d30e35ea413d3bec252717a",
                "sha256:b7be00b0a76384490845395714e62f597e64bc6dc8f8a14be0e96034dde3667c",
                "sha256:c308afc8ec782badd073999385a6c93c27ee68e6c0991697394d4fd56566af1f",
                "sha256:c335800064f04e0b474b64779ab234ae23c0a5b2f5a06284bb07d297d73692bd",
                "sha256:d17f7feb2cca596daa4b3dae86b611a13e9ace061e6583a8db21841f529ca891",
                "sha256:dbc987d14f46ae4c476068543d3ad2a20e7ebcb06b211eb4292224dc136eb01d",
                "sha256:f5a1c7c45ff29db501f9e38a360aedd833e355c14c75155ba2bd46ee3799e30a",
                "sha256:fde47931544086a648b12ee7c9ccf30edd6c6db776005fb07e4a019a04980042"
            ],
            "index": "pypi",
            "version": "==1.23.0rc2"
        },
        "pillow": {
            "hashes": [
                "sha256:088df396b047477dd1bbc7de6e22f58400dae2f21310d9e2ec2933b2ef7dfa4f",
                "sha256:09e67ef6e430f90caa093528bd758b0616f8165e57ed8d8ce014ae32df6a831d",
                "sha256:0b4d5ad2cd3a1f0d1df882d926b37dbb2ab6c823ae21d041b46910c8f8cd844b",
                "sha256:0b525a356680022b0af53385944026d3486fc8c013638cf9900eb87c866afb4c",
                "sha256:1d4331aeb12f6b3791911a6da82de72257a99ad99726ed6b63f481c0184b6fb9",
                "sha256:20d514c989fa28e73a5adbddd7a171afa5824710d0ab06d4e1234195d2a2e546",
                "sha256:2b291cab8a888658d72b575a03e340509b6b050b62db1f5539dd5cd18fd50578",
                "sha256:3f6c1716c473ebd1649663bf3b42702d0d53e27af8b64642be0dd3598c761fb1",
                "sha256:42dfefbef90eb67c10c45a73a9bc1599d4dac920f7dfcbf4ec6b80cb620757fe",
                "sha256:488f3383cf5159907d48d32957ac6f9ea85ccdcc296c14eca1a4e396ecc32098",
                "sha256:4d45dbe4b21a9679c3e8b3f7f4f42a45a7d3ddff8a4a16109dff0e1da30a35b2",
                "sha256:53c27bd452e0f1bc4bfed07ceb235663a1df7c74df08e37fd6b03eb89454946a",
                "sha256:55e74faf8359ddda43fee01bffbc5bd99d96ea508d8a08c527099e84eb708f45",
                "sha256:59789a7d06c742e9d13b883d5e3569188c16acb02eeed2510fd3bfdbc1bd1530",
                "sha256:5b650dbbc0969a4e226d98a0b440c2f07a850896aed9266b6fedc0f7e7834108",
                "sha256:66daa16952d5bf0c9d5389c5e9df562922a59bd16d77e2a276e575d32e38afd1",
                "sha256:6e760cf01259a1c0a50f3c845f9cad1af30577fd8b670339b1659c6d0e7a41dd",
                "sha256:7502539939b53d7565f3d11d87c78e7ec900d3c72945d4ee0e2f250d598309a0",
                "sha256:769a7f131a2f43752455cc72f9f7a093c3ff3856bf976c5fb53a59d0ccc704f6",
                "sha256:7c150dbbb4a94ea4825d1e5f2c5501af7141ea95825fadd7829f9b11c97aaf6c",
                "sha256:8844217cdf66eabe39567118f229e275f0727e9195635a15e0e4b9227458daaf",
                "sha256:8a66fe50386162df2da701b3722781cbe90ce043e7d53c1fd6bd801bca6b48d4",
                "sha256:9370d6744d379f2de5d7fa95cdbd3a4d92f0b0ef29609b4b1687f16bc197063d",
                "sha256:937a54e5694684f74dcbf6e24cc453bfc5b33940216ddd8f4cd8f0f79167f765",
                "sha256:9c857532c719fb30fafabd2371ce9b7031812ff3889d75273827633bca0c4602",
                "sha256:a4165205a13b16a29e1ac57efeee6be2dfd5b5408122d59ef2145bc3239fa340",
                "sha256:b3fe2ff1e1715d4475d7e2c3e8dabd7c025f4410f79513b4ff2de3d51ce0fa9c",
                "sha256:b6617221ff08fbd3b7a811950b5c3f9367f6e941b86259843eab77c8e3d2b56b",
                "sha256:b761727ed7d593e49671d1827044b942dd2f4caae6e51bab144d4accf8244a84",
                "sha256:baf3be0b9446a4083cc0c5bb9f9c964034be5374b5bc09757be89f5d2fa247b8",
                "sha256:c17770a62a71718a74b7548098a74cd6880be16bcfff5f937f900ead90ca8e92",
                "sha256:c67db410508b9de9c4694c57ed754b65a460e4812126e87f5052ecf23a011a54",
                "sha256:d78ca526a559fb84faaaf84da2dd4addef5edb109db8b81677c0bb1aad342601",
                "sha256:e9ed59d1b6ee837f4515b9584f3d26cf0388b742a11ecdae0d9237a94505d03a",
                "sha256:f054b020c4d7e9786ae0404278ea318768eb123403b18453e28e47cdb7a0a4bf",
                "sha256:f372d0f08eff1475ef426344efe42493f71f377ec52237bf153c5713de987251",
                "sha256:f3f6a6034140e9e17e9abc175fc7a266a6e63652028e157750bd98e804a8ed9a",
                "sha256:ffde4c6fabb52891d81606411cbfaf77756e3b561b566efd270b3ed3791fde4e"
            ],
            "index": "pypi",
            "version": "==9.1.1"
        }
    },
    "develop": {
        "autopep8": {
            "hashes": [
                "sha256:44f0932855039d2c15c4510d6df665e4730f2b8582704fa48f9c55bd3e17d979",
                "sha256:ed77137193bbac52d029a52c59bec1b0629b5a186c495f1eb21b126ac466083f"
            ],
            "index": "pypi",
            "version": "==1.6.0"
        },
        "pycodestyle": {
            "hashes": [
                "sha256:720f8b39dde8b293825e7ff02c475f3077124006db4f440dcbc9a20b76548a20",
                "sha256:eddd5847ef438ea1c7870ca7eb78a9d47ce0cdb4851a5523949f2601d0cbbe7f"
            ],
            "markers": "python_version >= '2.7' and python_version not in '3.0, 3.1, 3.2, 3.3, 3.4'",
            "version": "==2.8.0"
        },
        "toml": {
            "hashes": [
                "sha256:806143ae5bfb6a3c6e736a764057db0e6a0e05e338b5630894a5f779cabb4f9b",
                "sha256:b3bda1d108d5dd99f4a20d24d9c348e91c4db7ab1b749200bded2f839ccbe68f"
            ],
            "markers": "python_version >= '2.6' and python_version not in '3.0, 3.1, 3.2, 3.3'",
            "version": "==0.10.2"
        }
    }
}
